
Microsoft Visual Studio Solution File, Format Version 12.00
# Visual Studio Version 17
VisualStudioVersion = 17.9.34622.214
MinimumVisualStudioVersion = 10.0.40219.1
Project("{9A19103F-16F7-4668-BE54-9A1E7A4F7556}") = "ProjetoMVCEntityIdentity", "ProjetoMVCEntityIdenty\ProjetoMVCEntityIdentity.csproj", "{9DE4AEAC-7009-49A3-B54F-B4D116F5E7FC}"
EndProject
Global
	GlobalSection(SolutionConfigurationPlatforms) = preSolution
		Debug|Any CPU = Debug|Any CPU
		Release|Any CPU = Release|Any CPU
	EndGlobalSection
	GlobalSection(ProjectConfigurationPlatforms) = postSolution
		{9DE4AEAC-7009-49A3-B54F-B4D116F5E7FC}.Debug|Any CPU.ActiveCfg = Debug|Any CPU
		{9DE4AEAC-7009-49A3-B54F-B4D116F5E7FC}.Debug|Any CPU.Build.0 = Debug|Any CPU
		{9DE4AEAC-7009-49A3-B54F-B4D116F5E7FC}.Release|Any CPU.ActiveCfg = Release|Any CPU
		{9DE4AEAC-7009-49A3-B54F-B4D116F5E7FC}.Release|Any CPU.Build.0 = Release|Any CPU
	EndGlobalSection
	GlobalSection(SolutionProperties) = preSolution
		HideSolutionNode = FALSE
	EndGlobalSection
	GlobalSection(ExtensibilityGlobals) = postSolution
		SolutionGuid = {500050DD-5564-49EF-8C82-CA2FD3A1AB6E}
	EndGlobalSection
EndGlobal
